
Microsoft Visual Studio Solution File, Format Version 12.00
# Visual Studio Version 17
VisualStudioVersion = 17.6.33712.159
MinimumVisualStudioVersion = 10.0.40219.1
Project("{FAE04EC0-301F-11D3-BF4B-00C04F79EFBC}") = "TimeApplication", "TimeApplication\TimeApplication.csproj", "{044C3CF7-D08F-4F60-B804-B12C02B7D983}"
EndProject
Global
	GlobalSection(SolutionConfigurationPlatforms) = preSolution
		Debug|Any CPU = Debug|Any CPU
		Release|Any CPU = Release|Any CPU
	EndGlobalSection
	GlobalSection(ProjectConfigurationPlatforms) = postSolution
		{044C3CF7-D08F-4F60-B804-B12C02B7D983}.Debug|Any CPU.ActiveCfg = Debug|Any CPU
		{044C3CF7-D08F-4F60-B804-B12C02B7D983}.Debug|Any CPU.Build.0 = Debug|Any CPU
		{044C3CF7-D08F-4F60-B804-B12C02B7D983}.Release|Any CPU.ActiveCfg = Release|Any CPU
		{044C3CF7-D08F-4F60-B804-B12C02B7D983}.Release|Any CPU.Build.0 = Release|Any CPU
	EndGlobalSection
	GlobalSection(SolutionProperties) = preSolution
		HideSolutionNode = FALSE
	EndGlobalSection
	GlobalSection(ExtensibilityGlobals) = postSolution
		SolutionGuid = {A7BA6120-0EE3-4602-97A1-1B48B769634F}
	EndGlobalSection
EndGlobal
